
Microsoft Visual Studio Solution File, Format Version 12.00
# Visual Studio 14
VisualStudioVersion = 14.0.24720.0
MinimumVisualStudioVersion = 10.0.40219.1
Project("{888888A0-9F3D-457C-B088-3A5042F75D52}") = "projZaklady", "projZaklady\projZaklady.pyproj", "{2E125446-CC42-472E-86A6-8076A494FE4C}"
EndProject
Project("{888888A0-9F3D-457C-B088-3A5042F75D52}") = "StopWatch", "StopWatch\StopWatch.pyproj", "{D1C6389F-D9E2-4560-A6D8-384A2C9A4735}"
EndProject
Project("{888888A0-9F3D-457C-B088-3A5042F75D52}") = "Pong", "Pong\Pong.pyproj", "{ECFCCAAE-EE71-42B4-8977-19FB31D1C697}"
EndProject
Project("{888888A0-9F3D-457C-B088-3A5042F75D52}") = "HadejCislo", "HadejCislo\HadejCislo.pyproj", "{C41FFFE3-4AF4-443B-A75F-6CA344242DDD}"
EndProject
Global
	GlobalSection(SolutionConfigurationPlatforms) = preSolution
		Debug|Any CPU = Debug|Any CPU
		Release|Any CPU = Release|Any CPU
	EndGlobalSection
	GlobalSection(ProjectConfigurationPlatforms) = postSolution
		{2E125446-CC42-472E-86A6-8076A494FE4C}.Debug|Any CPU.ActiveCfg = Debug|Any CPU
		{2E125446-CC42-472E-86A6-8076A494FE4C}.Release|Any CPU.ActiveCfg = Release|Any CPU
		{D1C6389F-D9E2-4560-A6D8-384A2C9A4735}.Debug|Any CPU.ActiveCfg = Debug|Any CPU
		{D1C6389F-D9E2-4560-A6D8-384A2C9A4735}.Release|Any CPU.ActiveCfg = Release|Any CPU
		{ECFCCAAE-EE71-42B4-8977-19FB31D1C697}.Debug|Any CPU.ActiveCfg = Debug|Any CPU
		{ECFCCAAE-EE71-42B4-8977-19FB31D1C697}.Release|Any CPU.ActiveCfg = Release|Any CPU
		{C41FFFE3-4AF4-443B-A75F-6CA344242DDD}.Debug|Any CPU.ActiveCfg = Debug|Any CPU
		{C41FFFE3-4AF4-443B-A75F-6CA344242DDD}.Release|Any CPU.ActiveCfg = Release|Any CPU
	EndGlobalSection
	GlobalSection(SolutionProperties) = preSolution
		HideSolutionNode = FALSE
	EndGlobalSection
EndGlobal
